
Microsoft Visual Studio Solution File, Format Version 12.00
# Visual Studio Version 17
VisualStudioVersion = 17.8.34511.84
MinimumVisualStudioVersion = 10.0.40219.1
Project("{FAE04EC0-301F-11D3-BF4B-00C04F79EFBC}") = "Лабораторная работа №4", "Лабораторная работа №4\Лабораторная работа №4.csproj", "{487B08BA-42AA-4776-891D-FAE8C3071BC6}"
EndProject
Global
	GlobalSection(SolutionConfigurationPlatforms) = preSolution
		Debug|Any CPU = Debug|Any CPU
		Release|Any CPU = Release|Any CPU
	EndGlobalSection
	GlobalSection(ProjectConfigurationPlatforms) = postSolution
		{487B08BA-42AA-4776-891D-FAE8C3071BC6}.Debug|Any CPU.ActiveCfg = Debug|Any CPU
		{487B08BA-42AA-4776-891D-FAE8C3071BC6}.Debug|Any CPU.Build.0 = Debug|Any CPU
		{487B08BA-42AA-4776-891D-FAE8C3071BC6}.Release|Any CPU.ActiveCfg = Release|Any CPU
		{487B08BA-42AA-4776-891D-FAE8C3071BC6}.Release|Any CPU.Build.0 = Release|Any CPU
	EndGlobalSection
	GlobalSection(SolutionProperties) = preSolution
		HideSolutionNode = FALSE
	EndGlobalSection
	GlobalSection(ExtensibilityGlobals) = postSolution
		SolutionGuid = {12BDD138-6511-4642-9826-14419C2EAFE4}
	EndGlobalSection
EndGlobal
