
Microsoft Visual Studio Solution File, Format Version 12.00
# Visual Studio Version 17
VisualStudioVersion = 17.12.35707.178 d17.12
MinimumVisualStudioVersion = 10.0.40219.1
Project("{8BC9CEB8-8B4A-11D0-8D11-00A0C91BC942}") = "TestTaskDLL", "TestTaskDLL\TestTaskDLL.vcxproj", "{27559153-8497-488B-AD68-890A3A791DA8}"
EndProject
Project("{8BC9CEB8-8B4A-11D0-8D11-00A0C91BC942}") = "TestTaskApplication", "..\TestTaskApplication\TestTaskApplication.vcxproj", "{7C496A9F-EFF8-415E-BD88-D492B29EA724}"
EndProject
Global
	GlobalSection(SolutionConfigurationPlatforms) = preSolution
		Debug|x64 = Debug|x64
		Debug|x86 = Debug|x86
		Release|x64 = Release|x64
		Release|x86 = Release|x86
	EndGlobalSection
	GlobalSection(ProjectConfigurationPlatforms) = postSolution
		{27559153-8497-488B-AD68-890A3A791DA8}.Debug|x64.ActiveCfg = Debug|x64
		{27559153-8497-488B-AD68-890A3A791DA8}.Debug|x64.Build.0 = Debug|x64
		{27559153-8497-488B-AD68-890A3A791DA8}.Debug|x86.ActiveCfg = Debug|Win32
		{27559153-8497-488B-AD68-890A3A791DA8}.Debug|x86.Build.0 = Debug|Win32
		{27559153-8497-488B-AD68-890A3A791DA8}.Release|x64.ActiveCfg = Release|x64
		{27559153-8497-488B-AD68-890A3A791DA8}.Release|x64.Build.0 = Release|x64
		{27559153-8497-488B-AD68-890A3A791DA8}.Release|x86.ActiveCfg = Release|Win32
		{27559153-8497-488B-AD68-890A3A791DA8}.Release|x86.Build.0 = Release|Win32
		{7C496A9F-EFF8-415E-BD88-D492B29EA724}.Debug|x64.ActiveCfg = Debug|x64
		{7C496A9F-EFF8-415E-BD88-D492B29EA724}.Debug|x64.Build.0 = Debug|x64
		{7C496A9F-EFF8-415E-BD88-D492B29EA724}.Debug|x86.ActiveCfg = Debug|Win32
		{7C496A9F-EFF8-415E-BD88-D492B29EA724}.Debug|x86.Build.0 = Debug|Win32
		{7C496A9F-EFF8-415E-BD88-D492B29EA724}.Release|x64.ActiveCfg = Release|x64
		{7C496A9F-EFF8-415E-BD88-D492B29EA724}.Release|x64.Build.0 = Release|x64
		{7C496A9F-EFF8-415E-BD88-D492B29EA724}.Release|x86.ActiveCfg = Release|Win32
		{7C496A9F-EFF8-415E-BD88-D492B29EA724}.Release|x86.Build.0 = Release|Win32
	EndGlobalSection
	GlobalSection(SolutionProperties) = preSolution
		HideSolutionNode = FALSE
	EndGlobalSection
EndGlobal
